
Microsoft Visual Studio Solution File, Format Version 12.00
# Visual Studio 2012
Project("{FAE04EC0-301F-11D3-BF4B-00C04F79EFBC}") = "Noa", "Noa\Noa.csproj", "{FCA60CA8-5F68-4391-9814-7963A3052CCC}"
EndProject
Project("{FAE04EC0-301F-11D3-BF4B-00C04F79EFBC}") = "Noa.Tests", "Noa.Tests\Noa.Tests.csproj", "{13A9D1AB-E233-4D26-8F07-658977B1438C}"
EndProject
Global
	GlobalSection(SolutionConfigurationPlatforms) = preSolution
		Debug|Any CPU = Debug|Any CPU
		Release|Any CPU = Release|Any CPU
	EndGlobalSection
	GlobalSection(ProjectConfigurationPlatforms) = postSolution
		{FCA60CA8-5F68-4391-9814-7963A3052CCC}.Debug|Any CPU.ActiveCfg = Debug|Any CPU
		{FCA60CA8-5F68-4391-9814-7963A3052CCC}.Debug|Any CPU.Build.0 = Debug|Any CPU
		{FCA60CA8-5F68-4391-9814-7963A3052CCC}.Release|Any CPU.ActiveCfg = Release|Any CPU
		{FCA60CA8-5F68-4391-9814-7963A3052CCC}.Release|Any CPU.Build.0 = Release|Any CPU
		{13A9D1AB-E233-4D26-8F07-658977B1438C}.Debug|Any CPU.ActiveCfg = Debug|Any CPU
		{13A9D1AB-E233-4D26-8F07-658977B1438C}.Debug|Any CPU.Build.0 = Debug|Any CPU
		{13A9D1AB-E233-4D26-8F07-658977B1438C}.Release|Any CPU.ActiveCfg = Release|Any CPU
		{13A9D1AB-E233-4D26-8F07-658977B1438C}.Release|Any CPU.Build.0 = Release|Any CPU
	EndGlobalSection
	GlobalSection(SolutionProperties) = preSolution
		HideSolutionNode = FALSE
	EndGlobalSection
EndGlobal
